# This file is automatically @generated by Cargo.
# It is not intended for manual editing.
version = 3

[[package]]
name = "libc"
version = "0.2.104"
source = "registry+https://github.com/rust-lang/crates.io-index"
checksum = "7b2f96d100e1cf1929e7719b7edb3b90ab5298072638fccd77be9ce942ecdfce"

[[package]]
name = "libudev-sys"
version = "0.1.4"
source = "registry+https://github.com/rust-lang/crates.io-index"
checksum = "3c8469b4a23b962c1396b9b451dda50ef5b283e8dd309d69033475fa9b334324"
dependencies = [
 "libc",
 "pkg-config",
]

[[package]]
name = "pkg-config"
version = "0.3.20"
source = "registry+https://github.com/rust-lang/crates.io-index"
checksum = "7c9b1041b4387893b91ee6746cddfc28516aff326a3519fb2adf820932c5e6cb"

[[package]]
name = "test-udev"
version = "0.1.0"
dependencies = [
 "udev",
]

[[package]]
name = "udev"
version = "0.6.2"
source = "registry+https://github.com/rust-lang/crates.io-index"
checksum = "3193363f52bb34c6708ac2ffedcb5f7e5874f0329ef68e1315f27d8d768eb568"
dependencies = [
 "libc",
 "libudev-sys",
 "pkg-config",
]
